
Microsoft Visual Studio Solution File, Format Version 12.00
# Visual Studio 2013
VisualStudioVersion = 12.0.21005.1
MinimumVisualStudioVersion = 10.0.40219.1
Project("{FAE04EC0-301F-11D3-BF4B-00C04F79EFBC}") = "DingDing_Projector", "DingDing_Projector\DingDing_Projector.csproj", "{DA5E58AA-1179-4A52-B88D-7DDFE66B23D2}"
EndProject
Project("{FAE04EC0-301F-11D3-BF4B-00C04F79EFBC}") = "ProjectorBll", "ProjectorBll\ProjectorBll.csproj", "{52BF790E-F9E9-425B-BA9C-B53FEEBEE6FF}"
EndProject
Project("{FAE04EC0-301F-11D3-BF4B-00C04F79EFBC}") = "ProjectorDLL", "ProjectorDLL\ProjectorDLL.csproj", "{78A9619F-77AE-4203-AACB-E7468407D215}"
EndProject
Project("{FAE04EC0-301F-11D3-BF4B-00C04F79EFBC}") = "DBUtility", "DBUtility\DBUtility.csproj", "{44B620DC-BD9B-4FED-B7D7-114C76531379}"
EndProject
Project("{FAE04EC0-301F-11D3-BF4B-00C04F79EFBC}") = "ProjectorModel", "ProjectorModel\ProjectorModel.csproj", "{F29D4158-DE77-47EC-9183-91B4C86E82A5}"
EndProject
Global
	GlobalSection(TeamFoundationVersionControl) = preSolution
		SccNumberOfProjects = 6
		SccEnterpriseProvider = {4CA58AB2-18FA-4F8D-95D4-32DDF27D184C}
		SccTeamFoundationServer = http://192.168.1.211:8080/tfs/%E9%92%89%E9%92%89app
		SccLocalPath0 = .
		SccProjectUniqueName1 = DBUtility\\DBUtility.csproj
		SccProjectName1 = DBUtility
		SccLocalPath1 = DBUtility
		SccProjectUniqueName2 = DingDing_Projector\\DingDing_Projector.csproj
		SccProjectName2 = DingDing_Projector
		SccLocalPath2 = DingDing_Projector
		SccProjectUniqueName3 = ProjectorBll\\ProjectorBll.csproj
		SccProjectName3 = ProjectorBll
		SccLocalPath3 = ProjectorBll
		SccProjectUniqueName4 = ProjectorDLL\\ProjectorDLL.csproj
		SccProjectName4 = ProjectorDLL
		SccLocalPath4 = ProjectorDLL
		SccProjectUniqueName5 = ProjectorModel\\ProjectorModel.csproj
		SccProjectName5 = ProjectorModel
		SccLocalPath5 = ProjectorModel
	EndGlobalSection
	GlobalSection(SolutionConfigurationPlatforms) = preSolution
		Debug|Any CPU = Debug|Any CPU
		Release|Any CPU = Release|Any CPU
	EndGlobalSection
	GlobalSection(ProjectConfigurationPlatforms) = postSolution
		{DA5E58AA-1179-4A52-B88D-7DDFE66B23D2}.Debug|Any CPU.ActiveCfg = Debug|Any CPU
		{DA5E58AA-1179-4A52-B88D-7DDFE66B23D2}.Debug|Any CPU.Build.0 = Debug|Any CPU
		{DA5E58AA-1179-4A52-B88D-7DDFE66B23D2}.Release|Any CPU.ActiveCfg = Release|Any CPU
		{DA5E58AA-1179-4A52-B88D-7DDFE66B23D2}.Release|Any CPU.Build.0 = Release|Any CPU
		{52BF790E-F9E9-425B-BA9C-B53FEEBEE6FF}.Debug|Any CPU.ActiveCfg = Debug|Any CPU
		{52BF790E-F9E9-425B-BA9C-B53FEEBEE6FF}.Debug|Any CPU.Build.0 = Debug|Any CPU
		{52BF790E-F9E9-425B-BA9C-B53FEEBEE6FF}.Release|Any CPU.ActiveCfg = Release|Any CPU
		{52BF790E-F9E9-425B-BA9C-B53FEEBEE6FF}.Release|Any CPU.Build.0 = Release|Any CPU
		{78A9619F-77AE-4203-AACB-E7468407D215}.Debug|Any CPU.ActiveCfg = Debug|Any CPU
		{78A9619F-77AE-4203-AACB-E7468407D215}.Debug|Any CPU.Build.0 = Debug|Any CPU
		{78A9619F-77AE-4203-AACB-E7468407D215}.Release|Any CPU.ActiveCfg = Release|Any CPU
		{78A9619F-77AE-4203-AACB-E7468407D215}.Release|Any CPU.Build.0 = Release|Any CPU
		{44B620DC-BD9B-4FED-B7D7-114C76531379}.Debug|Any CPU.ActiveCfg = Debug|Any CPU
		{44B620DC-BD9B-4FED-B7D7-114C76531379}.Debug|Any CPU.Build.0 = Debug|Any CPU
		{44B620DC-BD9B-4FED-B7D7-114C76531379}.Release|Any CPU.ActiveCfg = Release|Any CPU
		{44B620DC-BD9B-4FED-B7D7-114C76531379}.Release|Any CPU.Build.0 = Release|Any CPU
		{F29D4158-DE77-47EC-9183-91B4C86E82A5}.Debug|Any CPU.ActiveCfg = Debug|Any CPU
		{F29D4158-DE77-47EC-9183-91B4C86E82A5}.Debug|Any CPU.Build.0 = Debug|Any CPU
		{F29D4158-DE77-47EC-9183-91B4C86E82A5}.Release|Any CPU.ActiveCfg = Release|Any CPU
		{F29D4158-DE77-47EC-9183-91B4C86E82A5}.Release|Any CPU.Build.0 = Release|Any CPU
	EndGlobalSection
	GlobalSection(SolutionProperties) = preSolution
		HideSolutionNode = FALSE
	EndGlobalSection
EndGlobal
